Microsoft Visual Studio Solution File, Format Version 12.00
# Visual Studio Version 17
VisualStudioVersion = 17.5.2.0
MinimumVisualStudioVersion = 10.0.40219.1
Project("{FAE04EC0-301F-11D3-BF4B-00C04F79EFBC}") = "PianificazioneTaglio", "PianificazioneTaglio\PianificazioneTaglio.csproj", "{60E5BDFD-F3FC-1C1B-D34B-A6EF87B96027}"
EndProject
Global
	GlobalSection(SolutionConfigurationPlatforms) = preSolution
		Debug|Any CPU = Debug|Any CPU
		Release|Any CPU = Release|Any CPU
	EndGlobalSection
	GlobalSection(ProjectConfigurationPlatforms) = postSolution
		{60E5BDFD-F3FC-1C1B-D34B-A6EF87B96027}.Debug|Any CPU.ActiveCfg = Debug|Any CPU
		{60E5BDFD-F3FC-1C1B-D34B-A6EF87B96027}.Debug|Any CPU.Build.0 = Debug|Any CPU
		{60E5BDFD-F3FC-1C1B-D34B-A6EF87B96027}.Release|Any CPU.ActiveCfg = Release|Any CPU
		{60E5BDFD-F3FC-1C1B-D34B-A6EF87B96027}.Release|Any CPU.Build.0 = Release|Any CPU
	EndGlobalSection
	GlobalSection(SolutionProperties) = preSolution
		HideSolutionNode = FALSE
	EndGlobalSection
	GlobalSection(ExtensibilityGlobals) = postSolution
		SolutionGuid = {32A584D7-24BC-436E-92EE-059E3D252C01}
	EndGlobalSection
EndGlobal
